version = 1
revision = 3
requires-python = ">=3.11, <4"

[[package]]
name = "advent-2015"
version = "0.1.0"
source = { editable = "." }
dependencies = [
    { name = "more-itertools" },
    { name = "numpy" },
]

[package.metadata]
requires-dist = [
    { name = "more-itertools", specifier = ">=10.3.0,<11" },
    { name = "numpy", specifier = ">=2.0.1,<3" },
]

[[package]]
name = "more-itertools"
version = "10.3.0"
source = { registry = "https://pypi.org/simple" }
sdist = { url = "https://files.pythonhosted.org/packages/01/33/77f586de725fc990d12dda3d4efca4a41635be0f99a987b9cc3a78364c13/more-itertools-10.3.0.tar.gz", hash = "sha256:e5d93ef411224fbcef366a6e8ddc4c5781bc6359d43412a65dd5964e46111463", size = 118147, upload-time = "2024-06-10T14:37:16.217Z" }
wheels = [
    { url = "https://files.pythonhosted.org/packages/bb/23/2d1cdb0427aecb2b150dc2ac2d15400990c4f05585b3fbc1b5177d74d7fb/more_itertools-10.3.0-py3-none-any.whl", hash = "sha256:ea6a02e24a9161e51faad17a8782b92a0df82c12c1c8886fec7f0c3fa1a1b320", size = 59245, upload-time = "2024-06-10T14:37:13.883Z" },
]

[[package]]
name = "numpy"
version = "2.0.1"
source = { registry = "https://pypi.org/simple" }
sdist = { url = "https://files.pythonhosted.org/packages/1c/8a/0db635b225d2aa2984e405dc14bd2b0c324a0c312ea1bc9d283f2b83b038/numpy-2.0.1.tar.gz", hash = "sha256:485b87235796410c3519a699cfe1faab097e509e90ebb05dcd098db2ae87e7b3", size = 18872007, upload-time = "2024-07-21T13:49:20.698Z" }
wheels = [
    { url = "https://files.pythonhosted.org/packages/29/d6/ff66f4f87518a435538e15cc9e0477a88398512a18783e748914f0daf5ea/numpy-2.0.1-cp311-cp311-macosx_10_9_x86_64.whl", hash = "sha256:75b4e316c5902d8163ef9d423b1c3f2f6252226d1aa5cd8a0a03a7d01ffc6268", size = 21238269, upload-time = "2024-07-21T13:33:30.438Z" },
    { url = "https://files.pythonhosted.org/packages/c5/64/853cfc37494471e64ea9f7bf3bc3b4bb39450e6db5beeb05e2a66beef612/numpy-2.0.1-cp311-cp311-macosx_11_0_arm64.whl", hash = "sha256:6e4eeb6eb2fced786e32e6d8df9e755ce5be920d17f7ce00bc38fcde8ccdbf9e", size = 13334324, upload-time = "2024-07-21T13:33:51.455Z" },
    { url = "https://files.pythonhosted.org/packages/d1/d8/597b4b2e396a77cbec677c9de33bb1789d5c3b66d653cb723d00eb331e99/numpy-2.0.1-cp311-cp311-macosx_14_0_arm64.whl", hash = "sha256:a1e01dcaab205fbece13c1410253a9eea1b1c9b61d237b6fa59bcc46e8e89343", size = 5298376, upload-time = "2024-07-21T13:34:01.627Z" },
    { url = "https://files.pythonhosted.org/packages/64/58/8664ff3747ac719ae1a5b9c0020533435158180a27f2f88a2b7a253bb623/numpy-2.0.1-cp311-cp311-macosx_14_0_x86_64.whl", hash = "sha256:a8fc2de81ad835d999113ddf87d1ea2b0f4704cbd947c948d2f5513deafe5a7b", size = 6903817, upload-time = "2024-07-21T13:34:13.878Z" },
    { url = "https://files.pythonhosted.org/packages/72/44/71ac0090d4ccb512fcac0ef0e5208248423a1ce30381541700470ac09b75/numpy-2.0.1-cp311-cp311-manylinux_2_17_aarch64.manylinux2014_aarch64.whl", hash = "sha256:5a3d94942c331dd4e0e1147f7a8699a4aa47dffc11bf8a1523c12af8b2e91bbe", size = 13916254, upload-time = "2024-07-21T13:34:35.466Z" },
    { url = "https://files.pythonhosted.org/packages/ef/27/39622993e8688a1f05898a3c3b2836b856f79c06637ebd4b71cb35cc9b18/numpy-2.0.1-cp311-cp311-manylinux_2_17_x86_64.manylinux2014_x86_64.whl", hash = "sha256:15eb4eca47d36ec3f78cde0a3a2ee24cf05ca7396ef808dda2c0ddad7c2bde67", size = 19540260, upload-time = "2024-07-21T13:35:09.114Z" },
    { url = "https://files.pythonhosted.org/packages/6a/26/a32b5a6b3f090860aeefb3619bfea09f717d73908bd65e69e8ab0cac9c07/numpy-2.0.1-cp311-cp311-musllinux_1_1_x86_64.whl", hash = "sha256:b83e16a5511d1b1f8a88cbabb1a6f6a499f82c062a4251892d9ad5d609863fb7", size = 19938602, upload-time = "2024-07-21T13:35:38.996Z" },
    { url = "https://files.pythonhosted.org/packages/34/b6/a88a9953d0be231c67aa0b3714d6138507490753beaa927f0b33f20cdca2/numpy-2.0.1-cp311-cp311-musllinux_1_2_aarch64.whl", hash = "sha256:1f87fec1f9bc1efd23f4227becff04bd0e979e23ca50cc92ec88b38489db3b55", size = 14425300, upload-time = "2024-07-21T13:36:01.419Z" },
    { url = "https://files.pythonhosted.org/packages/e4/e2/e763e102bea9c188b43ea144a91c22bec669736889a6e0be0235d64666d7/numpy-2.0.1-cp311-cp311-win32.whl", hash = "sha256:36d3a9405fd7c511804dc56fc32974fa5533bdeb3cd1604d6b8ff1d292b819c4", size = 6467652, upload-time = "2024-07-21T13:36:13.469Z" },
    { url = "https://files.pythonhosted.org/packages/3d/67/928e8f0d5c7fd32f32fb5caf92b186a1b3826dbaf5a294e13a976d6c38b6/numpy-2.0.1-cp311-cp311-win_amd64.whl", hash = "sha256:08458fbf403bff5e2b45f08eda195d4b0c9b35682311da5a5a0a0925b11b9bd8", size = 16559280, upload-time = "2024-07-21T13:36:44.641Z" },
    { url = "https://files.pythonhosted.org/packages/64/1c/401489a7e92c30db413362756c313b9353fb47565015986c55582593e2ae/numpy-2.0.1-cp312-cp312-macosx_10_9_x86_64.whl", hash = "sha256:6bf4e6f4a2a2e26655717a1983ef6324f2664d7011f6ef7482e8c0b3d51e82ac", size = 20965374, upload-time = "2024-07-21T13:37:15.81Z" },
    { url = "https://files.pythonhosted.org/packages/08/61/460fb524bb2d1a8bd4bbcb33d9b0971f9837fdedcfda8478d4c8f5cfd7ee/numpy-2.0.1-cp312-cp312-macosx_11_0_arm64.whl", hash = "sha256:7d6fddc5fe258d3328cd8e3d7d3e02234c5d70e01ebe377a6ab92adb14039cb4", size = 13102536, upload-time = "2024-07-21T13:37:36.46Z" },
    { url = "https://files.pythonhosted.org/packages/c2/da/3d8debb409bc97045b559f408d2b8cefa6a077a73df14dbf4d8780d976b1/numpy-2.0.1-cp312-cp312-macosx_14_0_arm64.whl", hash = "sha256:5daab361be6ddeb299a918a7c0864fa8618af66019138263247af405018b04e1", size = 5037809, upload-time = "2024-07-21T13:37:46.601Z" },
    { url = "https://files.pythonhosted.org/packages/6d/59/851609f533e7bf5f4af6264a7c5149ab07be9c8db2b0eb064794f8a7bf6d/numpy-2.0.1-cp312-cp312-macosx_14_0_x86_64.whl", hash = "sha256:ea2326a4dca88e4a274ba3a4405eb6c6467d3ffbd8c7d38632502eaae3820587", size = 6631813, upload-time = "2024-07-21T13:37:58.784Z" },
    { url = "https://files.pythonhosted.org/packages/5e/e3/944b70438d3b7e2742fece7da8dfba6f7ef7dccdd163d1a613f7027f4d5b/numpy-2.0.1-cp312-cp312-manylinux_2_17_aarch64.manylinux2014_aarch64.whl", hash = "sha256:529af13c5f4b7a932fb0e1911d3a75da204eff023ee5e0e79c1751564221a5c8", size = 13623742, upload-time = "2024-07-21T13:38:19.714Z" },
    { url = "https://files.pythonhosted.org/packages/2c/f3/61eeef119beb37decb58e7cb29940f19a1464b8608f2cab8a8616aba75fd/numpy-2.0.1-cp312-cp312-manylinux_2_17_x86_64.manylinux2014_x86_64.whl", hash = "sha256:6790654cb13eab303d8402354fabd47472b24635700f631f041bd0b65e37298a", size = 19242336, upload-time = "2024-07-21T13:38:48.972Z" },
    { url = "https://files.pythonhosted.org/packages/77/b5/c74cc1c91754436114c1de5912cdb475145245f6e645a6a1a29b5d08c774/numpy-2.0.1-cp312-cp312-musllinux_1_1_x86_64.whl", hash = "sha256:cbab9fc9c391700e3e1287666dfd82d8666d10e69a6c4a09ab97574c0b7ee0a7", size = 19637264, upload-time = "2024-07-21T13:39:19.213Z" },
    { url = "https://files.pythonhosted.org/packages/da/89/c8856d3fd5fce12e0b3f6af371ccb90d604600923b08050c58f0cd26eac9/numpy-2.0.1-cp312-cp312-musllinux_1_2_aarch64.whl", hash = "sha256:99d0d92a5e3613c33a5f01db206a33f8fdf3d71f2912b0de1739894668b7a93b", size = 14108911, upload-time = "2024-07-21T13:39:41.812Z" },
    { url = "https://files.pythonhosted.org/packages/15/96/310c6f3f2447f6d146518479b0a6ee6eb92a537954ec3b1acfa2894d1347/numpy-2.0.1-cp312-cp312-win32.whl", hash = "sha256:173a00b9995f73b79eb0191129f2455f1e34c203f559dd118636858cc452a1bf", size = 6171379, upload-time = "2024-07-21T13:39:52.932Z" },
    { url = "https://files.pythonhosted.org/packages/b5/59/f6ad30785a6578ad85ed9c2785f271b39c3e5b6412c66e810d2c60934c9f/numpy-2.0.1-cp312-cp312-win_amd64.whl", hash = "sha256:bb2124fdc6e62baae159ebcfa368708867eb56806804d005860b6007388df171", size = 16255757, upload-time = "2024-07-21T13:40:17.532Z" },
]
